{
  "name": "WEBSTACK",
  "lockfileVersion": 3,
  "requires": true,
  "packages": {
    "": {
      "dependencies": {
        "@stripe/stripe-js": "^9.3.1",
        "redux": "^5.0.1"
      }
    },
    "node_modules/@stripe/stripe-js": {
      "version": "9.3.1",
      "resolved": "https://registry.npmjs.org/@stripe/stripe-js/-/stripe-js-9.3.1.tgz",
      "integrity": "sha512-oWpAEENuVg8aw4W2OUAM9WxRDtIV2YTLr2nr6qHT+D8tHPW7bya61ufinPpUespyRNUVXqesnHo+jQdUNsGywA==",
      "license": "MIT",
      "engines": {
        "node": ">=12.16"
      }
    },
    "node_modules/redux": {
      "version": "5.0.1",
      "resolved": "https://registry.npmjs.org/redux/-/redux-5.0.1.tgz",
      "integrity": "sha512-M9/ELqF6fy8FwmkpnF0S3YKOqMyoWJ4+CS5Efg2ct3oY9daQvd/Pc71FpGZsVsbl3Cpb+IIcjBDUnnyBdQbq4w==",
      "license": "MIT"
    }
  }
}
